PODS:
  - shared (1.0.4):
    - VLCKit (= 4.0.0a24)
  - VLCKit (4.0.0a24)

DEPENDENCIES:
  - shared (from `../shared`)

SPEC REPOS:
  trunk:
    - VLCKit

EXTERNAL SOURCES:
  shared:
    :path: "../shared"

SPEC CHECKSUMS:
  shared: 40a11b652b388dc4982af933765f4f81c192d9a5
  VLCKit: c6a641a5f215403ae26d37680b963fbe76d66c65

PODFILE CHECKSUM: 3b1ed110cc1ea5bda613d860b286cc86a9f80876

COCOAPODS: 1.16.2
