PODS:
  - shared (1.0.4):
    - VLCKit (= 4.0.0a19)
  - VLCKit (4.0.0a19)

DEPENDENCIES:
  - shared (from `../shared`)

SPEC REPOS:
  trunk:
    - VLCKit

EXTERNAL SOURCES:
  shared:
    :path: "../shared"

SPEC CHECKSUMS:
  shared: 33c5186ad737f5b4e67954905b2bdd07b88c237a
  VLCKit: 436927d83225116c5d786c0c6fc70b84a6fce28b

PODFILE CHECKSUM: 50e252a57ee9f0a6f710a7c170fb3eb6d98db175

COCOAPODS: 1.16.2
