PODS:
  - shared (1.0.4):
    - VLCKit (= 4.0.0a19)
  - SPLPing (1.1.8)
  - VLCKit (4.0.0a19)

DEPENDENCIES:
  - shared (from `../shared`)
  - SPLPing (= 1.1.8)
  - VLCKit

SPEC REPOS:
  trunk:
    - SPLPing
    - VLCKit

EXTERNAL SOURCES:
  shared:
    :path: "../shared"

SPEC CHECKSUMS:
  shared: 33c5186ad737f5b4e67954905b2bdd07b88c237a
  SPLPing: 420837fae1e19bba0a8360e91e7a384f22509663
  VLCKit: 436927d83225116c5d786c0c6fc70b84a6fce28b

PODFILE CHECKSUM: 96382c40aabe4988219d43b307322237b769013d

COCOAPODS: 1.16.2
